// !$*UTF8*$!
{
	archiveVersion = 1;
	classes = {
	};
	objectVersion = 56;
	objects = {

/* Begin PBXBuildFile section */
		2C16177A29CCDFA300D76513 /* SDWebImage in Frameworks */ = {isa = PBXBuildFile; productRef = 2C16177929CCDFA300D76513 /* SDWebImage */; };
		2C2CAD8D29D6E121005E2702 /* DetailViewModel.swift in Sources */ = {isa = PBXBuildFile; fileRef = 2C2CAD8C29D6E121005E2702 /* DetailViewModel.swift */; };
		2C2CAD8F29D6E12D005E2702 /* DetailViewContracts.swift in Sources */ = {isa = PBXBuildFile; fileRef = 2C2CAD8E29D6E12D005E2702 /* DetailViewContracts.swift */; };
		2C2CAD9129D6E213005E2702 /* CharacterDetailPresentation.swift in Sources */ = {isa = PBXBuildFile; fileRef = 2C2CAD9029D6E213005E2702 /* CharacterDetailPresentation.swift */; };
		2C2CAD9329D6E4EB005E2702 /* DetailViewBuilder.swift in Sources */ = {isa = PBXBuildFile; fileRef = 2C2CAD9229D6E4EB005E2702 /* DetailViewBuilder.swift */; };
		2C34AFC329CED579002935A2 /* UserDefaults+Extension.swift in Sources */ = {isa = PBXBuildFile; fileRef = 2C34AFC229CED579002935A2 /* UserDefaults+Extension.swift */; };
		2C69D62829CB6EF6003FCED8 /* AppDelegate.swift in Sources */ = {isa = PBXBuildFile; fileRef = 2C69D62729CB6EF6003FCED8 /* AppDelegate.swift */; };
		2C69D62A29CB6EF6003FCED8 /* SceneDelegate.swift in Sources */ = {isa = PBXBuildFile; fileRef = 2C69D62929CB6EF6003FCED8 /* SceneDelegate.swift */; };
		2C69D63129CB6EF9003FCED8 /* Assets.xcassets in Resources */ = {isa = PBXBuildFile; fileRef = 2C69D63029CB6EF9003FCED8 /* Assets.xcassets */; };
		2C69D63429CB6EF9003FCED8 /* LaunchScreen.storyboard in Resources */ = {isa = PBXBuildFile; fileRef = 2C69D63229CB6EF9003FCED8 /* LaunchScreen.storyboard */; };
		2C69D64629CB7028003FCED8 /* CharacterListViewController.swift in Sources */ = {isa = PBXBuildFile; fileRef = 2C69D64529CB7028003FCED8 /* CharacterListViewController.swift */; };
		2C69D64A29CB7185003FCED8 /* HTTPMethod.swift in Sources */ = {isa = PBXBuildFile; fileRef = 2C69D64929CB7185003FCED8 /* HTTPMethod.swift */; };
		2C69D64C29CB71AA003FCED8 /* HTTPEndPoint.swift in Sources */ = {isa = PBXBuildFile; fileRef = 2C69D64B29CB71AA003FCED8 /* HTTPEndPoint.swift */; };
		2C69D64E29CB71CC003FCED8 /* Paths.swift in Sources */ = {isa = PBXBuildFile; fileRef = 2C69D64D29CB71CC003FCED8 /* Paths.swift */; };
		2C69D65029CB7200003FCED8 /* NetworkError.swift in Sources */ = {isa = PBXBuildFile; fileRef = 2C69D64F29CB7200003FCED8 /* NetworkError.swift */; };
		2C69D65229CB7206003FCED8 /* Service.swift in Sources */ = {isa = PBXBuildFile; fileRef = 2C69D65129CB7206003FCED8 /* Service.swift */; };
		2C69D65529CB7261003FCED8 /* LocationsEndPoint.swift in Sources */ = {isa = PBXBuildFile; fileRef = 2C69D65429CB7261003FCED8 /* LocationsEndPoint.swift */; };
		2C69D65729CB7297003FCED8 /* LocationsService.swift in Sources */ = {isa = PBXBuildFile; fileRef = 2C69D65629CB7297003FCED8 /* LocationsService.swift */; };
		2C69D65929CB88C4003FCED8 /* Location.swift in Sources */ = {isa = PBXBuildFile; fileRef = 2C69D65829CB88C4003FCED8 /* Location.swift */; };
		2C69D65B29CB89E1003FCED8 /* AppContainer.swift in Sources */ = {isa = PBXBuildFile; fileRef = 2C69D65A29CB89E1003FCED8 /* AppContainer.swift */; };
		2C69D65E29CB8B2D003FCED8 /* CharacterListViewModel.swift in Sources */ = {isa = PBXBuildFile; fileRef = 2C69D65D29CB8B2D003FCED8 /* CharacterListViewModel.swift */; };
		2C69D66029CB8B4A003FCED8 /* CharacterListContracts.swift in Sources */ = {isa = PBXBuildFile; fileRef = 2C69D65F29CB8B4A003FCED8 /* CharacterListContracts.swift */; };
		2C69D66229CB8B54003FCED8 /* CharacterListViewBuilder.swift in Sources */ = {isa = PBXBuildFile; fileRef = 2C69D66129CB8B54003FCED8 /* CharacterListViewBuilder.swift */; };
		2C69D66429CB8B5D003FCED8 /* LocationPresentation.swift in Sources */ = {isa = PBXBuildFile; fileRef = 2C69D66329CB8B5D003FCED8 /* LocationPresentation.swift */; };
		2C6F976E29CDA2A300DDDEF9 /* LocationCell.swift in Sources */ = {isa = PBXBuildFile; fileRef = 2C6F976D29CDA2A300DDDEF9 /* LocationCell.swift */; };
		2C6F977029CDC36D00DDDEF9 /* NSCollectionLayoutDimension+Extension.swift in Sources */ = {isa = PBXBuildFile; fileRef = 2C6F976F29CDC36D00DDDEF9 /* NSCollectionLayoutDimension+Extension.swift */; };
		2C6F977229CDC46400DDDEF9 /* RMDataLoadingVC.swift in Sources */ = {isa = PBXBuildFile; fileRef = 2C6F977129CDC46400DDDEF9 /* RMDataLoadingVC.swift */; };
		2C8FA78B29CDD16900FE3D22 /* RMCellDetailLabel.swift in Sources */ = {isa = PBXBuildFile; fileRef = 2C8FA78A29CDD16900FE3D22 /* RMCellDetailLabel.swift */; };
		2CCD9DBE29D973DD008A4D71 /* Helper.swift in Sources */ = {isa = PBXBuildFile; fileRef = 2CCD9DBD29D973DD008A4D71 /* Helper.swift */; };
		2CD22D6729CCC4EC00025FE1 /* CharactersEndPoint.swift in Sources */ = {isa = PBXBuildFile; fileRef = 2CD22D6629CCC4EC00025FE1 /* CharactersEndPoint.swift */; };
		2CD22D6929CCC61F00025FE1 /* CharactersService.swift in Sources */ = {isa = PBXBuildFile; fileRef = 2CD22D6829CCC61F00025FE1 /* CharactersService.swift */; };
		2CD22D6B29CCC64800025FE1 /* Character.swift in Sources */ = {isa = PBXBuildFile; fileRef = 2CD22D6A29CCC64800025FE1 /* Character.swift */; };
		2CD22D6D29CCCB2300025FE1 /* CharacterPresentation.swift in Sources */ = {isa = PBXBuildFile; fileRef = 2CD22D6C29CCCB2300025FE1 /* CharacterPresentation.swift */; };
		2CD22D7029CCCE3900025FE1 /* SnapKit in Frameworks */ = {isa = PBXBuildFile; productRef = 2CD22D6F29CCCE3900025FE1 /* SnapKit */; };
		2CD22D7229CCD00A00025FE1 /* UICollectionView+Extension.swift in Sources */ = {isa = PBXBuildFile; fileRef = 2CD22D7129CCD00A00025FE1 /* UICollectionView+Extension.swift */; };
		2CD22D7529CCD60700025FE1 /* RMTitleLabel.swift in Sources */ = {isa = PBXBuildFile; fileRef = 2CD22D7429CCD60700025FE1 /* RMTitleLabel.swift */; };
		2CD22D7829CCD65200025FE1 /* RMBodyLabel.swift in Sources */ = {isa = PBXBuildFile; fileRef = 2CD22D7729CCD65200025FE1 /* RMBodyLabel.swift */; };
		2CD22D7B29CCD77800025FE1 /* CharacterCell.swift in Sources */ = {isa = PBXBuildFile; fileRef = 2CD22D7A29CCD77800025FE1 /* CharacterCell.swift */; };
		2CD22D8029CCD89D00025FE1 /* RMCellImageView.swift in Sources */ = {isa = PBXBuildFile; fileRef = 2CD22D7F29CCD89D00025FE1 /* RMCellImageView.swift */; };
		2CD22D8229CCDAAF00025FE1 /* RMCellLabel.swift in Sources */ = {isa = PBXBuildFile; fileRef = 2CD22D8129CCDAAF00025FE1 /* RMCellLabel.swift */; };
		2CD22D8429CCDCA900025FE1 /* Constants.swift in Sources */ = {isa = PBXBuildFile; fileRef = 2CD22D8329CCDCA900025FE1 /* Constants.swift */; };
		2CD66CBA29CF001400456045 /* UIViewController+Extension.swift in Sources */ = {isa = PBXBuildFile; fileRef = 2CD66CB929CF001400456045 /* UIViewController+Extension.swift */; };
		2CF0F0C629CE204F00FA71BF /* DetailViewController.swift in Sources */ = {isa = PBXBuildFile; fileRef = 2CF0F0C529CE204F00FA71BF /* DetailViewController.swift */; };
		2CF0F0CB29CE28CE00FA71BF /* String+Extension.swift in Sources */ = {isa = PBXBuildFile; fileRef = 2CF0F0CA29CE28CE00FA71BF /* String+Extension.swift */; };
		2CF0F0CD29CE2F4400FA71BF /* SplashScreen.swift in Sources */ = {isa = PBXBuildFile; fileRef = 2CF0F0CC29CE2F4400FA71BF /* SplashScreen.swift */; };
/* End PBXBuildFile section */

/* Begin PBXFileReference section */
		2C2CAD8C29D6E121005E2702 /* DetailViewModel.swift */ = {isa = PBXFileReference; lastKnownFileType = sourcecode.swift; path = DetailViewModel.swift; sourceTree = "<group>"; };
		2C2CAD8E29D6E12D005E2702 /* DetailViewContracts.swift */ = {isa = PBXFileReference; lastKnownFileType = sourcecode.swift; path = DetailViewContracts.swift; sourceTree = "<group>"; };
		2C2CAD9029D6E213005E2702 /* CharacterDetailPresentation.swift */ = {isa = PBXFileReference; lastKnownFileType = sourcecode.swift; path = CharacterDetailPresentation.swift; sourceTree = "<group>"; };
		2C2CAD9229D6E4EB005E2702 /* DetailViewBuilder.swift */ = {isa = PBXFileReference; lastKnownFileType = sourcecode.swift; path = DetailViewBuilder.swift; sourceTree = "<group>"; };
		2C34AFC229CED579002935A2 /* UserDefaults+Extension.swift */ = {isa = PBXFileReference; lastKnownFileType = sourcecode.swift; path = "UserDefaults+Extension.swift"; sourceTree = "<group>"; };
		2C69D62429CB6EF6003FCED8 /* InvioCase-RickandMorty.app */ = {isa = PBXFileReference; explicitFileType = wrapper.application; includeInIndex = 0; path = "InvioCase-RickandMorty.app"; sourceTree = BUILT_PRODUCTS_DIR; };
		2C69D62729CB6EF6003FCED8 /* AppDelegate.swift */ = {isa = PBXFileReference; lastKnownFileType = sourcecode.swift; path = AppDelegate.swift; sourceTree = "<group>"; };
		2C69D62929CB6EF6003FCED8 /* SceneDelegate.swift */ = {isa = PBXFileReference; lastKnownFileType = sourcecode.swift; path = SceneDelegate.swift; sourceTree = "<group>"; };
		2C69D63029CB6EF9003FCED8 /* Assets.xcassets */ = {isa = PBXFileReference; lastKnownFileType = folder.assetcatalog; path = Assets.xcassets; sourceTree = "<group>"; };
		2C69D63329CB6EF9003FCED8 /* Base */ = {isa = PBXFileReference; lastKnownFileType = file.storyboard; name = Base; path = Base.lproj/LaunchScreen.storyboard; sourceTree = "<group>"; };
		2C69D63529CB6EF9003FCED8 /* Info.plist */ = {isa = PBXFileReference; lastKnownFileType = text.plist.xml; path = Info.plist; sourceTree = "<group>"; };
		2C69D64529CB7028003FCED8 /* CharacterListViewController.swift */ = {isa = PBXFileReference; lastKnownFileType = sourcecode.swift; path = CharacterListViewController.swift; sourceTree = "<group>"; };
		2C69D64929CB7185003FCED8 /* HTTPMethod.swift */ = {isa = PBXFileReference; lastKnownFileType = sourcecode.swift; path = HTTPMethod.swift; sourceTree = "<group>"; };
		2C69D64B29CB71AA003FCED8 /* HTTPEndPoint.swift */ = {isa = PBXFileReference; lastKnownFileType = sourcecode.swift; path = HTTPEndPoint.swift; sourceTree = "<group>"; };
		2C69D64D29CB71CC003FCED8 /* Paths.swift */ = {isa = PBXFileReference; lastKnownFileType = sourcecode.swift; path = Paths.swift; sourceTree = "<group>"; };
		2C69D64F29CB7200003FCED8 /* NetworkError.swift */ = {isa = PBXFileReference; lastKnownFileType = sourcecode.swift; path = NetworkError.swift; sourceTree = "<group>"; };
		2C69D65129CB7206003FCED8 /* Service.swift */ = {isa = PBXFileReference; lastKnownFileType = sourcecode.swift; path = Service.swift; sourceTree = "<group>"; };
		2C69D65429CB7261003FCED8 /* LocationsEndPoint.swift */ = {isa = PBXFileReference; lastKnownFileType = sourcecode.swift; path = LocationsEndPoint.swift; sourceTree = "<group>"; };
		2C69D65629CB7297003FCED8 /* LocationsService.swift */ = {isa = PBXFileReference; lastKnownFileType = sourcecode.swift; path = LocationsService.swift; sourceTree = "<group>"; };
		2C69D65829CB88C4003FCED8 /* Location.swift */ = {isa = PBXFileReference; lastKnownFileType = sourcecode.swift; path = Location.swift; sourceTree = "<group>"; };
		2C69D65A29CB89E1003FCED8 /* AppContainer.swift */ = {isa = PBXFileReference; lastKnownFileType = sourcecode.swift; path = AppContainer.swift; sourceTree = "<group>"; };
		2C69D65D29CB8B2D003FCED8 /* CharacterListViewModel.swift */ = {isa = PBXFileReference; lastKnownFileType = sourcecode.swift; path = CharacterListViewModel.swift; sourceTree = "<group>"; };
		2C69D65F29CB8B4A003FCED8 /* CharacterListContracts.swift */ = {isa = PBXFileReference; lastKnownFileType = sourcecode.swift; path = CharacterListContracts.swift; sourceTree = "<group>"; };
		2C69D66129CB8B54003FCED8 /* CharacterListViewBuilder.swift */ = {isa = PBXFileReference; lastKnownFileType = sourcecode.swift; path = CharacterListViewBuilder.swift; sourceTree = "<group>"; };
		2C69D66329CB8B5D003FCED8 /* LocationPresentation.swift */ = {isa = PBXFileReference; lastKnownFileType = sourcecode.swift; path = LocationPresentation.swift; sourceTree = "<group>"; };
		2C6F976D29CDA2A300DDDEF9 /* LocationCell.swift */ = {isa = PBXFileReference; lastKnownFileType = sourcecode.swift; path = LocationCell.swift; sourceTree = "<group>"; };
		2C6F976F29CDC36D00DDDEF9 /* NSCollectionLayoutDimension+Extension.swift */ = {isa = PBXFileReference; lastKnownFileType = sourcecode.swift; path = "NSCollectionLayoutDimension+Extension.swift"; sourceTree = "<group>"; };
		2C6F977129CDC46400DDDEF9 /* RMDataLoadingVC.swift */ = {isa = PBXFileReference; lastKnownFileType = sourcecode.swift; path = RMDataLoadingVC.swift; sourceTree = "<group>"; };
		2C8FA78A29CDD16900FE3D22 /* RMCellDetailLabel.swift */ = {isa = PBXFileReference; lastKnownFileType = sourcecode.swift; path = RMCellDetailLabel.swift; sourceTree = "<group>"; };
		2CCD9DBD29D973DD008A4D71 /* Helper.swift */ = {isa = PBXFileReference; lastKnownFileType = sourcecode.swift; path = Helper.swift; sourceTree = "<group>"; };
		2CD22D6629CCC4EC00025FE1 /* CharactersEndPoint.swift */ = {isa = PBXFileReference; lastKnownFileType = sourcecode.swift; path = CharactersEndPoint.swift; sourceTree = "<group>"; };
		2CD22D6829CCC61F00025FE1 /* CharactersService.swift */ = {isa = PBXFileReference; lastKnownFileType = sourcecode.swift; path = CharactersService.swift; sourceTree = "<group>"; };
		2CD22D6A29CCC64800025FE1 /* Character.swift */ = {isa = PBXFileReference; lastKnownFileType = sourcecode.swift; path = Character.swift; sourceTree = "<group>"; };
		2CD22D6C29CCCB2300025FE1 /* CharacterPresentation.swift */ = {isa = PBXFileReference; lastKnownFileType = sourcecode.swift; path = CharacterPresentation.swift; sourceTree = "<group>"; };
		2CD22D7129CCD00A00025FE1 /* UICollectionView+Extension.swift */ = {isa = PBXFileReference; lastKnownFileType = sourcecode.swift; path = "UICollectionView+Extension.swift"; sourceTree = "<group>"; };
		2CD22D7429CCD60700025FE1 /* RMTitleLabel.swift */ = {isa = PBXFileReference; lastKnownFileType = sourcecode.swift; path = RMTitleLabel.swift; sourceTree = "<group>"; };
		2CD22D7729CCD65200025FE1 /* RMBodyLabel.swift */ = {isa = PBXFileReference; lastKnownFileType = sourcecode.swift; path = RMBodyLabel.swift; sourceTree = "<group>"; };
		2CD22D7A29CCD77800025FE1 /* CharacterCell.swift */ = {isa = PBXFileReference; lastKnownFileType = sourcecode.swift; path = CharacterCell.swift; sourceTree = "<group>"; };
		2CD22D7F29CCD89D00025FE1 /* RMCellImageView.swift */ = {isa = PBXFileReference; lastKnownFileType = sourcecode.swift; path = RMCellImageView.swift; sourceTree = "<group>"; };
		2CD22D8129CCDAAF00025FE1 /* RMCellLabel.swift */ = {isa = PBXFileReference; lastKnownFileType = sourcecode.swift; path = RMCellLabel.swift; sourceTree = "<group>"; };
		2CD22D8329CCDCA900025FE1 /* Constants.swift */ = {isa = PBXFileReference; lastKnownFileType = sourcecode.swift; path = Constants.swift; sourceTree = "<group>"; };
		2CD66CB929CF001400456045 /* UIViewController+Extension.swift */ = {isa = PBXFileReference; lastKnownFileType = sourcecode.swift; path = "UIViewController+Extension.swift"; sourceTree = "<group>"; };
		2CF0F0C529CE204F00FA71BF /* DetailViewController.swift */ = {isa = PBXFileReference; lastKnownFileType = sourcecode.swift; path = DetailViewController.swift; sourceTree = "<group>"; };
		2CF0F0CA29CE28CE00FA71BF /* String+Extension.swift */ = {isa = PBXFileReference; lastKnownFileType = sourcecode.swift; path = "String+Extension.swift"; sourceTree = "<group>"; };
		2CF0F0CC29CE2F4400FA71BF /* SplashScreen.swift */ = {isa = PBXFileReference; lastKnownFileType = sourcecode.swift; path = SplashScreen.swift; sourceTree = "<group>"; };
/* End PBXFileReference section */

/* Begin PBXFrameworksBuildPhase section */
		2C69D62129CB6EF6003FCED8 /* Frameworks */ = {
			isa = PBXFrameworksBuildPhase;
			buildActionMask = 2147483647;
			files = (
				2C16177A29CCDFA300D76513 /* SDWebImage in Frameworks */,
				2CD22D7029CCCE3900025FE1 /* SnapKit in Frameworks */,
			);
			runOnlyForDeploymentPostprocessing = 0;
		};
/* End PBXFrameworksBuildPhase section */

/* Begin PBXGroup section */
		2C69D61B29CB6EF6003FCED8 = {
			isa = PBXGroup;
			children = (
				2C69D62629CB6EF6003FCED8 /* InvioCase-RickandMorty */,
				2C69D62529CB6EF6003FCED8 /* Products */,
			);
			sourceTree = "<group>";
		};
		2C69D62529CB6EF6003FCED8 /* Products */ = {
			isa = PBXGroup;
			children = (
				2C69D62429CB6EF6003FCED8 /* InvioCase-RickandMorty.app */,
			);
			name = Products;
			sourceTree = "<group>";
		};
		2C69D62629CB6EF6003FCED8 /* InvioCase-RickandMorty */ = {
			isa = PBXGroup;
			children = (
				2C69D64229CB6FE0003FCED8 /* Container */,
				2C69D64129CB6FDB003FCED8 /* Extensions */,
				2C69D64029CB6FD9003FCED8 /* Helper */,
				2C69D63D29CB6FC9003FCED8 /* Network */,
				2C69D63E29CB6FCC003FCED8 /* Custom Views */,
				2C69D63F29CB6FD3003FCED8 /* Model */,
				2C69D63C29CB6FC4003FCED8 /* Screens */,
				2C69D63B29CB6F78003FCED8 /* App */,
				2C69D63529CB6EF9003FCED8 /* Info.plist */,
			);
			path = "InvioCase-RickandMorty";
			sourceTree = "<group>";
		};
		2C69D63B29CB6F78003FCED8 /* App */ = {
			isa = PBXGroup;
			children = (
				2C69D62729CB6EF6003FCED8 /* AppDelegate.swift */,
				2C69D62929CB6EF6003FCED8 /* SceneDelegate.swift */,
				2C69D63029CB6EF9003FCED8 /* Assets.xcassets */,
				2C69D63229CB6EF9003FCED8 /* LaunchScreen.storyboard */,
			);
			path = App;
			sourceTree = "<group>";
		};
		2C69D63C29CB6FC4003FCED8 /* Screens */ = {
			isa = PBXGroup;
			children = (
				2CF0F0CC29CE2F4400FA71BF /* SplashScreen.swift */,
				2C69D65C29CB8AFF003FCED8 /* Character List */,
				2C8FA78C29CDDA4900FE3D22 /* Detail */,
			);
			path = Screens;
			sourceTree = "<group>";
		};
		2C69D63D29CB6FC9003FCED8 /* Network */ = {
			isa = PBXGroup;
			children = (
				2C69D64729CB716F003FCED8 /* Settings */,
				2C69D64829CB7174003FCED8 /* Core Service */,
				2C69D65329CB724C003FCED8 /* Services */,
			);
			path = Network;
			sourceTree = "<group>";
		};
		2C69D63E29CB6FCC003FCED8 /* Custom Views */ = {
			isa = PBXGroup;
			children = (
				2CD22D7C29CCD87500025FE1 /* Image View */,
				2CD22D7929CCD74800025FE1 /* Cells */,
				2CD22D7329CCD5FE00025FE1 /* Labels */,
			);
			path = "Custom Views";
			sourceTree = "<group>";
		};
		2C69D63F29CB6FD3003FCED8 /* Model */ = {
			isa = PBXGroup;
			children = (
				2C69D65829CB88C4003FCED8 /* Location.swift */,
				2CD22D6A29CCC64800025FE1 /* Character.swift */,
			);
			path = Model;
			sourceTree = "<group>";
		};
		2C69D64029CB6FD9003FCED8 /* Helper */ = {
			isa = PBXGroup;
			children = (
				2CD22D8329CCDCA900025FE1 /* Constants.swift */,
				2C6F977129CDC46400DDDEF9 /* RMDataLoadingVC.swift */,
				2CCD9DBD29D973DD008A4D71 /* Helper.swift */,
			);
			path = Helper;
			sourceTree = "<group>";
		};
		2C69D64129CB6FDB003FCED8 /* Extensions */ = {
			isa = PBXGroup;
			children = (
				2CD22D7129CCD00A00025FE1 /* UICollectionView+Extension.swift */,
				2C6F976F29CDC36D00DDDEF9 /* NSCollectionLayoutDimension+Extension.swift */,
				2CF0F0CA29CE28CE00FA71BF /* String+Extension.swift */,
				2C34AFC229CED579002935A2 /* UserDefaults+Extension.swift */,
				2CD66CB929CF001400456045 /* UIViewController+Extension.swift */,
			);
			path = Extensions;
			sourceTree = "<group>";
		};
		2C69D64229CB6FE0003FCED8 /* Container */ = {
			isa = PBXGroup;
			children = (
				2C69D65A29CB89E1003FCED8 /* AppContainer.swift */,
			);
			path = Container;
			sourceTree = "<group>";
		};
		2C69D64729CB716F003FCED8 /* Settings */ = {
			isa = PBXGroup;
			children = (
				2C69D64929CB7185003FCED8 /* HTTPMethod.swift */,
				2C69D64B29CB71AA003FCED8 /* HTTPEndPoint.swift */,
				2C69D64D29CB71CC003FCED8 /* Paths.swift */,
			);
			path = Settings;
			sourceTree = "<group>";
		};
		2C69D64829CB7174003FCED8 /* Core Service */ = {
			isa = PBXGroup;
			children = (
				2C69D64F29CB7200003FCED8 /* NetworkError.swift */,
				2C69D65129CB7206003FCED8 /* Service.swift */,
			);
			path = "Core Service";
			sourceTree = "<group>";
		};
		2C69D65329CB724C003FCED8 /* Services */ = {
			isa = PBXGroup;
			children = (
				2CD22D6429CCC4CD00025FE1 /* Locations Service */,
				2CD22D6529CCC4D600025FE1 /* Characters Service */,
			);
			path = Services;
			sourceTree = "<group>";
		};
		2C69D65C29CB8AFF003FCED8 /* Character List */ = {
			isa = PBXGroup;
			children = (
				2C69D66129CB8B54003FCED8 /* CharacterListViewBuilder.swift */,
				2C69D65F29CB8B4A003FCED8 /* CharacterListContracts.swift */,
				2C69D65D29CB8B2D003FCED8 /* CharacterListViewModel.swift */,
				2C69D64529CB7028003FCED8 /* CharacterListViewController.swift */,
				2CD66CB829CF000500456045 /* Presentations */,
			);
			path = "Character List";
			sourceTree = "<group>";
		};
		2C8FA78C29CDDA4900FE3D22 /* Detail */ = {
			isa = PBXGroup;
			children = (
				2C2CAD9229D6E4EB005E2702 /* DetailViewBuilder.swift */,
				2C2CAD8E29D6E12D005E2702 /* DetailViewContracts.swift */,
				2C2CAD8C29D6E121005E2702 /* DetailViewModel.swift */,
				2CF0F0C529CE204F00FA71BF /* DetailViewController.swift */,
				2C2CAD9029D6E213005E2702 /* CharacterDetailPresentation.swift */,
			);
			path = Detail;
			sourceTree = "<group>";
		};
		2CD22D6429CCC4CD00025FE1 /* Locations Service */ = {
			isa = PBXGroup;
			children = (
				2C69D65429CB7261003FCED8 /* LocationsEndPoint.swift */,
				2C69D65629CB7297003FCED8 /* LocationsService.swift */,
			);
			path = "Locations Service";
			sourceTree = "<group>";
		};
		2CD22D6529CCC4D600025FE1 /* Characters Service */ = {
			isa = PBXGroup;
			children = (
				2CD22D6629CCC4EC00025FE1 /* CharactersEndPoint.swift */,
				2CD22D6829CCC61F00025FE1 /* CharactersService.swift */,
			);
			path = "Characters Service";
			sourceTree = "<group>";
		};
		2CD22D7329CCD5FE00025FE1 /* Labels */ = {
			isa = PBXGroup;
			children = (
				2CD22D7429CCD60700025FE1 /* RMTitleLabel.swift */,
				2CD22D7729CCD65200025FE1 /* RMBodyLabel.swift */,
				2CD22D8129CCDAAF00025FE1 /* RMCellLabel.swift */,
				2C8FA78A29CDD16900FE3D22 /* RMCellDetailLabel.swift */,
			);
			path = Labels;
			sourceTree = "<group>";
		};
		2CD22D7929CCD74800025FE1 /* Cells */ = {
			isa = PBXGroup;
			children = (
				2CD22D7A29CCD77800025FE1 /* CharacterCell.swift */,
				2C6F976D29CDA2A300DDDEF9 /* LocationCell.swift */,
			);
			path = Cells;
			sourceTree = "<group>";
		};
		2CD22D7C29CCD87500025FE1 /* Image View */ = {
			isa = PBXGroup;
			children = (
				2CD22D7F29CCD89D00025FE1 /* RMCellImageView.swift */,
			);
			path = "Image View";
			sourceTree = "<group>";
		};
		2CD66CB829CF000500456045 /* Presentations */ = {
			isa = PBXGroup;
			children = (
				2C69D66329CB8B5D003FCED8 /* LocationPresentation.swift */,
				2CD22D6C29CCCB2300025FE1 /* CharacterPresentation.swift */,
			);
			path = Presentations;
			sourceTree = "<group>";
		};
/* End PBXGroup section */

/* Begin PBXNativeTarget section */
		2C69D62329CB6EF6003FCED8 /* InvioCase-RickandMorty */ = {
			isa = PBXNativeTarget;
			buildConfigurationList = 2C69D63829CB6EF9003FCED8 /* Build configuration list for PBXNativeTarget "InvioCase-RickandMorty" */;
			buildPhases = (
				2C69D62029CB6EF6003FCED8 /* Sources */,
				2C69D62129CB6EF6003FCED8 /* Frameworks */,
				2C69D62229CB6EF6003FCED8 /* Resources */,
			);
			buildRules = (
			);
			dependencies = (
			);
			name = "InvioCase-RickandMorty";
			packageProductDependencies = (
				2CD22D6F29CCCE3900025FE1 /* SnapKit */,
				2C16177929CCDFA300D76513 /* SDWebImage */,
			);
			productName = "InvioCase-RickandMorty";
			productReference = 2C69D62429CB6EF6003FCED8 /* InvioCase-RickandMorty.app */;
			productType = "com.apple.product-type.application";
		};
/* End PBXNativeTarget section */

/* Begin PBXProject section */
		2C69D61C29CB6EF6003FCED8 /* Project object */ = {
			isa = PBXProject;
			attributes = {
				BuildIndependentTargetsInParallel = 1;
				LastSwiftUpdateCheck = 1420;
				LastUpgradeCheck = 1420;
				TargetAttributes = {
					2C69D62329CB6EF6003FCED8 = {
						CreatedOnToolsVersion = 14.2;
					};
				};
			};
			buildConfigurationList = 2C69D61F29CB6EF6003FCED8 /* Build configuration list for PBXProject "InvioCase-RickandMorty" */;
			compatibilityVersion = "Xcode 14.0";
			developmentRegion = en;
			hasScannedForEncodings = 0;
			knownRegions = (
				en,
				Base,
			);
			mainGroup = 2C69D61B29CB6EF6003FCED8;
			packageReferences = (
				2CD22D6E29CCCE3900025FE1 /* XCRemoteSwiftPackageReference "SnapKit" */,
				2C16177829CCDFA300D76513 /* XCRemoteSwiftPackageReference "SDWebImage" */,
			);
			productRefGroup = 2C69D62529CB6EF6003FCED8 /* Products */;
			projectDirPath = "";
			projectRoot = "";
			targets = (
				2C69D62329CB6EF6003FCED8 /* InvioCase-RickandMorty */,
			);
		};
/* End PBXProject section */

/* Begin PBXResourcesBuildPhase section */
		2C69D62229CB6EF6003FCED8 /* Resources */ = {
			isa = PBXResourcesBuildPhase;
			buildActionMask = 2147483647;
			files = (
				2C69D63429CB6EF9003FCED8 /* LaunchScreen.storyboard in Resources */,
				2C69D63129CB6EF9003FCED8 /* Assets.xcassets in Resources */,
			);
			runOnlyForDeploymentPostprocessing = 0;
		};
/* End PBXResourcesBuildPhase section */

/* Begin PBXSourcesBuildPhase section */
		2C69D62029CB6EF6003FCED8 /* Sources */ = {
			isa = PBXSourcesBuildPhase;
			buildActionMask = 2147483647;
			files = (
				2C2CAD8F29D6E12D005E2702 /* DetailViewContracts.swift in Sources */,
				2CF0F0C629CE204F00FA71BF /* DetailViewController.swift in Sources */,
				2CD22D7B29CCD77800025FE1 /* CharacterCell.swift in Sources */,
				2CD22D8029CCD89D00025FE1 /* RMCellImageView.swift in Sources */,
				2C69D65E29CB8B2D003FCED8 /* CharacterListViewModel.swift in Sources */,
				2CD22D7829CCD65200025FE1 /* RMBodyLabel.swift in Sources */,
				2C8FA78B29CDD16900FE3D22 /* RMCellDetailLabel.swift in Sources */,
				2C69D65729CB7297003FCED8 /* LocationsService.swift in Sources */,
				2C2CAD8D29D6E121005E2702 /* DetailViewModel.swift in Sources */,
				2CD22D8229CCDAAF00025FE1 /* RMCellLabel.swift in Sources */,
				2CF0F0CB29CE28CE00FA71BF /* String+Extension.swift in Sources */,
				2C69D65929CB88C4003FCED8 /* Location.swift in Sources */,
				2C2CAD9329D6E4EB005E2702 /* DetailViewBuilder.swift in Sources */,
				2C6F977229CDC46400DDDEF9 /* RMDataLoadingVC.swift in Sources */,
				2C69D64E29CB71CC003FCED8 /* Paths.swift in Sources */,
				2C69D65229CB7206003FCED8 /* Service.swift in Sources */,
				2C69D66029CB8B4A003FCED8 /* CharacterListContracts.swift in Sources */,
				2CD22D8429CCDCA900025FE1 /* Constants.swift in Sources */,
				2CD22D6B29CCC64800025FE1 /* Character.swift in Sources */,
				2C69D65029CB7200003FCED8 /* NetworkError.swift in Sources */,
				2C69D65B29CB89E1003FCED8 /* AppContainer.swift in Sources */,
				2C69D64A29CB7185003FCED8 /* HTTPMethod.swift in Sources */,
				2CD22D7529CCD60700025FE1 /* RMTitleLabel.swift in Sources */,
				2C69D62829CB6EF6003FCED8 /* AppDelegate.swift in Sources */,
				2CD66CBA29CF001400456045 /* UIViewController+Extension.swift in Sources */,
				2CD22D7229CCD00A00025FE1 /* UICollectionView+Extension.swift in Sources */,
				2C69D62A29CB6EF6003FCED8 /* SceneDelegate.swift in Sources */,
				2C69D66229CB8B54003FCED8 /* CharacterListViewBuilder.swift in Sources */,
				2CCD9DBE29D973DD008A4D71 /* Helper.swift in Sources */,
				2C6F976E29CDA2A300DDDEF9 /* LocationCell.swift in Sources */,
				2C69D64C29CB71AA003FCED8 /* HTTPEndPoint.swift in Sources */,
				2C69D65529CB7261003FCED8 /* LocationsEndPoint.swift in Sources */,
				2C69D64629CB7028003FCED8 /* CharacterListViewController.swift in Sources */,
				2C2CAD9129D6E213005E2702 /* CharacterDetailPresentation.swift in Sources */,
				2CD22D6929CCC61F00025FE1 /* CharactersService.swift in Sources */,
				2CF0F0CD29CE2F4400FA71BF /* SplashScreen.swift in Sources */,
				2CD22D6729CCC4EC00025FE1 /* CharactersEndPoint.swift in Sources */,
				2C6F977029CDC36D00DDDEF9 /* NSCollectionLayoutDimension+Extension.swift in Sources */,
				2CD22D6D29CCCB2300025FE1 /* CharacterPresentation.swift in Sources */,
				2C34AFC329CED579002935A2 /* UserDefaults+Extension.swift in Sources */,
				2C69D66429CB8B5D003FCED8 /* LocationPresentation.swift in Sources */,
			);
			runOnlyForDeploymentPostprocessing = 0;
		};
/* End PBXSourcesBuildPhase section */

/* Begin PBXVariantGroup section */
		2C69D63229CB6EF9003FCED8 /* LaunchScreen.storyboard */ = {
			isa = PBXVariantGroup;
			children = (
				2C69D63329CB6EF9003FCED8 /* Base */,
			);
			name = LaunchScreen.storyboard;
			sourceTree = "<group>";
		};
/* End PBXVariantGroup section */

/* Begin XCBuildConfiguration section */
		2C69D63629CB6EF9003FCED8 /* Debug */ = {
			isa = XCBuildConfiguration;
			buildSettings = {
				ALWAYS_SEARCH_USER_PATHS = NO;
				CLANG_ANALYZER_NONNULL = YES;
				CLANG_ANALYZER_NUMBER_OBJECT_CONVERSION = YES_AGGRESSIVE;
				CLANG_CXX_LANGUAGE_STANDARD = "gnu++20";
				CLANG_ENABLE_MODULES = YES;
				CLANG_ENABLE_OBJC_ARC = YES;
				CLANG_ENABLE_OBJC_WEAK = YES;
				CLANG_WARN_BLOCK_CAPTURE_AUTORELEASING = YES;
				CLANG_WARN_BOOL_CONVERSION = YES;
				CLANG_WARN_COMMA = YES;
				CLANG_WARN_CONSTANT_CONVERSION = YES;
				CLANG_WARN_DEPRECATED_OBJC_IMPLEMENTATIONS = YES;
				CLANG_WARN_DIRECT_OBJC_ISA_USAGE = YES_ERROR;
				CLANG_WARN_DOCUMENTATION_COMMENTS = YES;
				CLANG_WARN_EMPTY_BODY = YES;
				CLANG_WARN_ENUM_CONVERSION = YES;
				CLANG_WARN_INFINITE_RECURSION = YES;
				CLANG_WARN_INT_CONVERSION = YES;
				CLANG_WARN_NON_LITERAL_NULL_CONVERSION = YES;
				CLANG_WARN_OBJC_IMPLICIT_RETAIN_SELF = YES;
				CLANG_WARN_OBJC_LITERAL_CONVERSION = YES;
				CLANG_WARN_OBJC_ROOT_CLASS = YES_ERROR;
				CLANG_WARN_QUOTED_INCLUDE_IN_FRAMEWORK_HEADER = YES;
				CLANG_WARN_RANGE_LOOP_ANALYSIS = YES;
				CLANG_WARN_STRICT_PROTOTYPES = YES;
				CLANG_WARN_SUSPICIOUS_MOVE = YES;
				CLANG_WARN_UNGUARDED_AVAILABILITY = YES_AGGRESSIVE;
				CLANG_WARN_UNREACHABLE_CODE = YES;
				CLANG_WARN__DUPLICATE_METHOD_MATCH = YES;
				COPY_PHASE_STRIP = NO;
				DEBUG_INFORMATION_FORMAT = dwarf;
				ENABLE_STRICT_OBJC_MSGSEND = YES;
				ENABLE_TESTABILITY = YES;
				GCC_C_LANGUAGE_STANDARD = gnu11;
				GCC_DYNAMIC_NO_PIC = NO;
				GCC_NO_COMMON_BLOCKS = YES;
				GCC_OPTIMIZATION_LEVEL = 0;
				GCC_PREPROCESSOR_DEFINITIONS = (
					"DEBUG=1",
					"$(inherited)",
				);
				GCC_WARN_64_TO_32_BIT_CONVERSION = YES;
				GCC_WARN_ABOUT_RETURN_TYPE = YES_ERROR;
				GCC_WARN_UNDECLARED_SELECTOR = YES;
				GCC_WARN_UNINITIALIZED_AUTOS = YES_AGGRESSIVE;
				GCC_WARN_UNUSED_FUNCTION = YES;
				GCC_WARN_UNUSED_VARIABLE = YES;
				IPHONEOS_DEPLOYMENT_TARGET = 14.0;
				MTL_ENABLE_DEBUG_INFO = INCLUDE_SOURCE;
				MTL_FAST_MATH = YES;
				ONLY_ACTIVE_ARCH = YES;
				SDKROOT = iphoneos;
				SWIFT_ACTIVE_COMPILATION_CONDITIONS = DEBUG;
				SWIFT_OPTIMIZATION_LEVEL = "-Onone";
			};
			name = Debug;
		};
		2C69D63729CB6EF9003FCED8 /* Release */ = {
			isa = XCBuildConfiguration;
			buildSettings = {
				ALWAYS_SEARCH_USER_PATHS = NO;
				CLANG_ANALYZER_NONNULL = YES;
				CLANG_ANALYZER_NUMBER_OBJECT_CONVERSION = YES_AGGRESSIVE;
				CLANG_CXX_LANGUAGE_STANDARD = "gnu++20";
				CLANG_ENABLE_MODULES = YES;
				CLANG_ENABLE_OBJC_ARC = YES;
				CLANG_ENABLE_OBJC_WEAK = YES;
				CLANG_WARN_BLOCK_CAPTURE_AUTORELEASING = YES;
				CLANG_WARN_BOOL_CONVERSION = YES;
				CLANG_WARN_COMMA = YES;
				CLANG_WARN_CONSTANT_CONVERSION = YES;
				CLANG_WARN_DEPRECATED_OBJC_IMPLEMENTATIONS = YES;
				CLANG_WARN_DIRECT_OBJC_ISA_USAGE = YES_ERROR;
				CLANG_WARN_DOCUMENTATION_COMMENTS = YES;
				CLANG_WARN_EMPTY_BODY = YES;
				CLANG_WARN_ENUM_CONVERSION = YES;
				CLANG_WARN_INFINITE_RECURSION = YES;
				CLANG_WARN_INT_CONVERSION = YES;
				CLANG_WARN_NON_LITERAL_NULL_CONVERSION = YES;
				CLANG_WARN_OBJC_IMPLICIT_RETAIN_SELF = YES;
				CLANG_WARN_OBJC_LITERAL_CONVERSION = YES;
				CLANG_WARN_OBJC_ROOT_CLASS = YES_ERROR;
				CLANG_WARN_QUOTED_INCLUDE_IN_FRAMEWORK_HEADER = YES;
				CLANG_WARN_RANGE_LOOP_ANALYSIS = YES;
				CLANG_WARN_STRICT_PROTOTYPES = YES;
				CLANG_WARN_SUSPICIOUS_MOVE = YES;
				CLANG_WARN_UNGUARDED_AVAILABILITY = YES_AGGRESSIVE;
				CLANG_WARN_UNREACHABLE_CODE = YES;
				CLANG_WARN__DUPLICATE_METHOD_MATCH = YES;
				COPY_PHASE_STRIP = NO;
				DEBUG_INFORMATION_FORMAT = "dwarf-with-dsym";
				ENABLE_NS_ASSERTIONS = NO;
				ENABLE_STRICT_OBJC_MSGSEND = YES;
				GCC_C_LANGUAGE_STANDARD = gnu11;
				GCC_NO_COMMON_BLOCKS = YES;
				GCC_WARN_64_TO_32_BIT_CONVERSION = YES;
				GCC_WARN_ABOUT_RETURN_TYPE = YES_ERROR;
				GCC_WARN_UNDECLARED_SELECTOR = YES;
				GCC_WARN_UNINITIALIZED_AUTOS = YES_AGGRESSIVE;
				GCC_WARN_UNUSED_FUNCTION = YES;
				GCC_WARN_UNUSED_VARIABLE = YES;
				IPHONEOS_DEPLOYMENT_TARGET = 14.0;
				MTL_ENABLE_DEBUG_INFO = NO;
				MTL_FAST_MATH = YES;
				SDKROOT = iphoneos;
				SWIFT_COMPILATION_MODE = wholemodule;
				SWIFT_OPTIMIZATION_LEVEL = "-O";
				VALIDATE_PRODUCT = YES;
			};
			name = Release;
		};
		2C69D63929CB6EF9003FCED8 /* Debug */ = {
			isa = XCBuildConfiguration;
			buildSettings = {
				ASSETCATALOG_COMPILER_APPICON_NAME = AppIcon;
				ASSETCATALOG_COMPILER_GLOBAL_ACCENT_COLOR_NAME = AccentColor;
				CODE_SIGN_IDENTITY = "Apple Development";
				CODE_SIGN_STYLE = Automatic;
				CURRENT_PROJECT_VERSION = 1;
				DEVELOPMENT_TEAM = 49Z33V7QZW;
				GENERATE_INFOPLIST_FILE = YES;
				INFOPLIST_FILE = "InvioCase-RickandMorty/Info.plist";
				INFOPLIST_KEY_CFBundleDisplayName = "Rick and Morty";
				INFOPLIST_KEY_UIApplicationSupportsIndirectInputEvents = YES;
				INFOPLIST_KEY_UILaunchStoryboardName = LaunchScreen;
				INFOPLIST_KEY_UIMainStoryboardFile = "";
				INFOPLIST_KEY_UISupportedInterfaceOrientations_iPad = "UIInterfaceOrientationPortrait UIInterfaceOrientationPortraitUpsideDown UIInterfaceOrientationLandscapeLeft UIInterfaceOrientationLandscapeRight";
				INFOPLIST_KEY_UISupportedInterfaceOrientations_iPhone = "UIInterfaceOrientationPortrait UIInterfaceOrientationLandscapeLeft UIInterfaceOrientationLandscapeRight";
				IPHONEOS_DEPLOYMENT_TARGET = 14.0;
				LD_RUNPATH_SEARCH_PATHS = (
					"$(inherited)",
					"@executable_path/Frameworks",
				);
				MARKETING_VERSION = 1.0;
				PRODUCT_BUNDLE_IDENTIFIER = "com.sameddagli.InvioCase-RickandMorty";
				PRODUCT_NAME = "$(TARGET_NAME)";
				PROVISIONING_PROFILE_SPECIFIER = "";
				SUPPORTED_PLATFORMS = "iphoneos iphonesimulator";
				SUPPORTS_MACCATALYST = NO;
				SUPPORTS_MAC_DESIGNED_FOR_IPHONE_IPAD = NO;
				SWIFT_EMIT_LOC_STRINGS = YES;
				SWIFT_VERSION = 5.0;
				TARGETED_DEVICE_FAMILY = 1;
			};
			name = Debug;
		};
		2C69D63A29CB6EF9003FCED8 /* Release */ = {
			isa = XCBuildConfiguration;
			buildSettings = {
				ASSETCATALOG_COMPILER_APPICON_NAME = AppIcon;
				ASSETCATALOG_COMPILER_GLOBAL_ACCENT_COLOR_NAME = AccentColor;
				CODE_SIGN_IDENTITY = "Apple Development";
				CODE_SIGN_STYLE = Automatic;
				CURRENT_PROJECT_VERSION = 1;
				DEVELOPMENT_TEAM = 49Z33V7QZW;
				GENERATE_INFOPLIST_FILE = YES;
				INFOPLIST_FILE = "InvioCase-RickandMorty/Info.plist";
				INFOPLIST_KEY_CFBundleDisplayName = "Rick and Morty";
				INFOPLIST_KEY_UIApplicationSupportsIndirectInputEvents = YES;
				INFOPLIST_KEY_UILaunchStoryboardName = LaunchScreen;
				INFOPLIST_KEY_UIMainStoryboardFile = "";
				INFOPLIST_KEY_UISupportedInterfaceOrientations_iPad = "UIInterfaceOrientationPortrait UIInterfaceOrientationPortraitUpsideDown UIInterfaceOrientationLandscapeLeft UIInterfaceOrientationLandscapeRight";
				INFOPLIST_KEY_UISupportedInterfaceOrientations_iPhone = "UIInterfaceOrientationPortrait UIInterfaceOrientationLandscapeLeft UIInterfaceOrientationLandscapeRight";
				IPHONEOS_DEPLOYMENT_TARGET = 14.0;
				LD_RUNPATH_SEARCH_PATHS = (
					"$(inherited)",
					"@executable_path/Frameworks",
				);
				MARKETING_VERSION = 1.0;
				PRODUCT_BUNDLE_IDENTIFIER = "com.sameddagli.InvioCase-RickandMorty";
				PRODUCT_NAME = "$(TARGET_NAME)";
				PROVISIONING_PROFILE_SPECIFIER = "";
				SUPPORTED_PLATFORMS = "iphoneos iphonesimulator";
				SUPPORTS_MACCATALYST = NO;
				SUPPORTS_MAC_DESIGNED_FOR_IPHONE_IPAD = NO;
				SWIFT_EMIT_LOC_STRINGS = YES;
				SWIFT_VERSION = 5.0;
				TARGETED_DEVICE_FAMILY = 1;
			};
			name = Release;
		};
/* End XCBuildConfiguration section */

/* Begin XCConfigurationList section */
		2C69D61F29CB6EF6003FCED8 /* Build configuration list for PBXProject "InvioCase-RickandMorty" */ = {
			isa = XCConfigurationList;
			buildConfigurations = (
				2C69D63629CB6EF9003FCED8 /* Debug */,
				2C69D63729CB6EF9003FCED8 /* Release */,
			);
			defaultConfigurationIsVisible = 0;
			defaultConfigurationName = Release;
		};
		2C69D63829CB6EF9003FCED8 /* Build configuration list for PBXNativeTarget "InvioCase-RickandMorty" */ = {
			isa = XCConfigurationList;
			buildConfigurations = (
				2C69D63929CB6EF9003FCED8 /* Debug */,
				2C69D63A29CB6EF9003FCED8 /* Release */,
			);
			defaultConfigurationIsVisible = 0;
			defaultConfigurationName = Release;
		};
/* End XCConfigurationList section */

/* Begin XCRemoteSwiftPackageReference section */
		2C16177829CCDFA300D76513 /* XCRemoteSwiftPackageReference "SDWebImage" */ = {
			isa = XCRemoteSwiftPackageReference;
			repositoryURL = "https://github.com/SDWebImage/SDWebImage.git";
			requirement = {
				kind = upToNextMajorVersion;
				minimumVersion = 5.0.0;
			};
		};
		2CD22D6E29CCCE3900025FE1 /* XCRemoteSwiftPackageReference "SnapKit" */ = {
			isa = XCRemoteSwiftPackageReference;
			repositoryURL = "https://github.com/SnapKit/SnapKit.git";
			requirement = {
				kind = upToNextMajorVersion;
				minimumVersion = 5.0.0;
			};
		};
/* End XCRemoteSwiftPackageReference section */

/* Begin XCSwiftPackageProductDependency section */
		2C16177929CCDFA300D76513 /* SDWebImage */ = {
			isa = XCSwiftPackageProductDependency;
			package = 2C16177829CCDFA300D76513 /* XCRemoteSwiftPackageReference "SDWebImage" */;
			productName = SDWebImage;
		};
		2CD22D6F29CCCE3900025FE1 /* SnapKit */ = {
			isa = XCSwiftPackageProductDependency;
			package = 2CD22D6E29CCCE3900025FE1 /* XCRemoteSwiftPackageReference "SnapKit" */;
			productName = SnapKit;
		};
/* End XCSwiftPackageProductDependency section */
	};
	rootObject = 2C69D61C29CB6EF6003FCED8 /* Project object */;
}
